
Microsoft Visual Studio Solution File, Format Version 12.00
# Visual Studio Version 17
VisualStudioVersion = 17.11.35327.3
MinimumVisualStudioVersion = 10.0.40219.1
Project("{2150E333-8FDC-42A3-9474-1A3956D46DE8}") = "Task0", "Task0", "{1ECA99E9-667A-40F7-A4E5-4850581A24F8}"
EndProject
Project("{9A19103F-16F7-4668-BE54-9A1E7A4F7556}") = "Tyuiu.MusinND.Sprint2.Task0.V26.Lib", "Tyuiu.MusinND.Sprint2.Task0.V26.Lib\Tyuiu.MusinND.Sprint2.Task0.V26.Lib.csproj", "{0269971B-E92C-47AA-BF33-BF838B47813E}"
EndProject
Project("{9A19103F-16F7-4668-BE54-9A1E7A4F7556}") = "Tyuiu.MusinND.Sprint2.Task0.V26.Test", "Tyuiu.MusinND.Sprint2.Task0.V26.Test\Tyuiu.MusinND.Sprint2.Task0.V26.Test.csproj", "{547503A8-294F-427A-BAC7-57CAC852458A}"
EndProject
Project("{9A19103F-16F7-4668-BE54-9A1E7A4F7556}") = "Tyuiu.MusinND.Sprint2.Task0.V26", "Tyuiu.MusinND.Sprint2.Task0.V26\Tyuiu.MusinND.Sprint2.Task0.V26.csproj", "{EAD04562-CF17-40E7-B99A-1EC63672A90D}"
EndProject
Project("{2150E333-8FDC-42A3-9474-1A3956D46DE8}") = "Task1", "Task1", "{9850547B-E05A-4832-9EEB-E2373FBE946D}"
EndProject
Project("{9A19103F-16F7-4668-BE54-9A1E7A4F7556}") = "Tyuiu.MusinND.Sprint2.Task1.V24.Lib", "Tyuiu.MusinND.Sprint2.Task1.V24.Lib\Tyuiu.MusinND.Sprint2.Task1.V24.Lib.csproj", "{4C0EAE82-C348-4F18-8E6A-74FE71A9A683}"
EndProject
Project("{9A19103F-16F7-4668-BE54-9A1E7A4F7556}") = "Tyuiu.MusinND.Sprint2.Task1.V24", "Tyuiu.MusinND.Sprint2.Task1.V24\Tyuiu.MusinND.Sprint2.Task1.V24.csproj", "{ABA185A3-4F1B-498A-BB5C-51CB427D7A70}"
EndProject
Project("{2150E333-8FDC-42A3-9474-1A3956D46DE8}") = "Task2", "Task2", "{AACA1CBC-D191-40C0-A9E4-1682326992A5}"
EndProject
Project("{9A19103F-16F7-4668-BE54-9A1E7A4F7556}") = "Tyuiu.MusinND.Sprint2.Task2.V23.Lib", "Tyuiu.MusinND.Sprint2.Task2.V23.Lib\Tyuiu.MusinND.Sprint2.Task2.V23.Lib.csproj", "{C9943009-830D-4A12-B72C-AF5A97559481}"
EndProject
Project("{2150E333-8FDC-42A3-9474-1A3956D46DE8}") = "Task3", "Task3", "{C358BD18-540B-4AFD-88B1-461C12BC57F9}"
EndProject
Project("{9A19103F-16F7-4668-BE54-9A1E7A4F7556}") = "Tyuiu.MusinND.Sprint2.Task3.V16.Lib", "Tyuiu.MusinND.Sprint2.Task3.V16.Lib\Tyuiu.MusinND.Sprint2.Task3.V16.Lib.csproj", "{7A8AC70D-02D2-4087-AADD-C2470ACEBD71}"
EndProject
Project("{2150E333-8FDC-42A3-9474-1A3956D46DE8}") = "Task4", "Task4", "{B92C62E8-148B-4909-B184-E9FE9FDF47D0}"
EndProject
Project("{9A19103F-16F7-4668-BE54-9A1E7A4F7556}") = "Tyuiu.MusinND.Sprint2.Task4.V10.Lib", "Tyuiu.MusinND.Sprint2.Task4.V10.Lib\Tyuiu.MusinND.Sprint2.Task4.V10.Lib.csproj", "{E46F3128-DCD2-4627-99B1-DCC7780EE2E3}"
EndProject
Project("{2150E333-8FDC-42A3-9474-1A3956D46DE8}") = "Task5", "Task5", "{C9DDE8AB-017A-49AB-AC8A-BACF897C6EA4}"
EndProject
Project("{FAE04EC0-301F-11D3-BF4B-00C04F79EFBC}") = "Tyuiu.MusinND.Sprint2.Task5.V9.Lib", "Tyuiu.MusinND.Sprint2.Task5.V9.Lib\Tyuiu.MusinND.Sprint2.Task5.V9.Lib.csproj", "{529E0B1A-454E-4DE0-9AFD-3EF26CC55E29}"
EndProject
Project("{2150E333-8FDC-42A3-9474-1A3956D46DE8}") = "Task6", "Task6", "{785FD876-F691-4C8A-989E-EAED94CF98C7}"
EndProject
Project("{FAE04EC0-301F-11D3-BF4B-00C04F79EFBC}") = "Tyuiu.MusinND.Sprint2.Task6.V14.Lib", "Tyuiu.MusinND.Sprint2.Task6.V14.Lib\Tyuiu.MusinND.Sprint2.Task6.V14.Lib.csproj", "{9EB19D24-34FE-43AD-AB3A-34E6ACD7E5A5}"
EndProject
Global
	GlobalSection(SolutionConfigurationPlatforms) = preSolution
		Debug|Any CPU = Debug|Any CPU
		Release|Any CPU = Release|Any CPU
	EndGlobalSection
	GlobalSection(ProjectConfigurationPlatforms) = postSolution
		{0269971B-E92C-47AA-BF33-BF838B47813E}.Debug|Any CPU.ActiveCfg = Debug|Any CPU
		{0269971B-E92C-47AA-BF33-BF838B47813E}.Debug|Any CPU.Build.0 = Debug|Any CPU
		{0269971B-E92C-47AA-BF33-BF838B47813E}.Release|Any CPU.ActiveCfg = Release|Any CPU
		{0269971B-E92C-47AA-BF33-BF838B47813E}.Release|Any CPU.Build.0 = Release|Any CPU
		{547503A8-294F-427A-BAC7-57CAC852458A}.Debug|Any CPU.ActiveCfg = Debug|Any CPU
		{547503A8-294F-427A-BAC7-57CAC852458A}.Debug|Any CPU.Build.0 = Debug|Any CPU
		{547503A8-294F-427A-BAC7-57CAC852458A}.Release|Any CPU.ActiveCfg = Release|Any CPU
		{547503A8-294F-427A-BAC7-57CAC852458A}.Release|Any CPU.Build.0 = Release|Any CPU
		{EAD04562-CF17-40E7-B99A-1EC63672A90D}.Debug|Any CPU.ActiveCfg = Debug|Any CPU
		{EAD04562-CF17-40E7-B99A-1EC63672A90D}.Debug|Any CPU.Build.0 = Debug|Any CPU
		{EAD04562-CF17-40E7-B99A-1EC63672A90D}.Release|Any CPU.ActiveCfg = Release|Any CPU
		{EAD04562-CF17-40E7-B99A-1EC63672A90D}.Release|Any CPU.Build.0 = Release|Any CPU
		{4C0EAE82-C348-4F18-8E6A-74FE71A9A683}.Debug|Any CPU.ActiveCfg = Debug|Any CPU
		{4C0EAE82-C348-4F18-8E6A-74FE71A9A683}.Debug|Any CPU.Build.0 = Debug|Any CPU
		{4C0EAE82-C348-4F18-8E6A-74FE71A9A683}.Release|Any CPU.ActiveCfg = Release|Any CPU
		{4C0EAE82-C348-4F18-8E6A-74FE71A9A683}.Release|Any CPU.Build.0 = Release|Any CPU
		{ABA185A3-4F1B-498A-BB5C-51CB427D7A70}.Debug|Any CPU.ActiveCfg = Debug|Any CPU
		{ABA185A3-4F1B-498A-BB5C-51CB427D7A70}.Debug|Any CPU.Build.0 = Debug|Any CPU
		{ABA185A3-4F1B-498A-BB5C-51CB427D7A70}.Release|Any CPU.ActiveCfg = Release|Any CPU
		{ABA185A3-4F1B-498A-BB5C-51CB427D7A70}.Release|Any CPU.Build.0 = Release|Any CPU
		{C9943009-830D-4A12-B72C-AF5A97559481}.Debug|Any CPU.ActiveCfg = Debug|Any CPU
		{C9943009-830D-4A12-B72C-AF5A97559481}.Debug|Any CPU.Build.0 = Debug|Any CPU
		{C9943009-830D-4A12-B72C-AF5A97559481}.Release|Any CPU.ActiveCfg = Release|Any CPU
		{C9943009-830D-4A12-B72C-AF5A97559481}.Release|Any CPU.Build.0 = Release|Any CPU
		{7A8AC70D-02D2-4087-AADD-C2470ACEBD71}.Debug|Any CPU.ActiveCfg = Debug|Any CPU
		{7A8AC70D-02D2-4087-AADD-C2470ACEBD71}.Debug|Any CPU.Build.0 = Debug|Any CPU
		{7A8AC70D-02D2-4087-AADD-C2470ACEBD71}.Release|Any CPU.ActiveCfg = Release|Any CPU
		{7A8AC70D-02D2-4087-AADD-C2470ACEBD71}.Release|Any CPU.Build.0 = Release|Any CPU
		{E46F3128-DCD2-4627-99B1-DCC7780EE2E3}.Debug|Any CPU.ActiveCfg = Debug|Any CPU
		{E46F3128-DCD2-4627-99B1-DCC7780EE2E3}.Debug|Any CPU.Build.0 = Debug|Any CPU
		{E46F3128-DCD2-4627-99B1-DCC7780EE2E3}.Release|Any CPU.ActiveCfg = Release|Any CPU
		{E46F3128-DCD2-4627-99B1-DCC7780EE2E3}.Release|Any CPU.Build.0 = Release|Any CPU
		{529E0B1A-454E-4DE0-9AFD-3EF26CC55E29}.Debug|Any CPU.ActiveCfg = Debug|Any CPU
		{529E0B1A-454E-4DE0-9AFD-3EF26CC55E29}.Debug|Any CPU.Build.0 = Debug|Any CPU
		{529E0B1A-454E-4DE0-9AFD-3EF26CC55E29}.Release|Any CPU.ActiveCfg = Release|Any CPU
		{529E0B1A-454E-4DE0-9AFD-3EF26CC55E29}.Release|Any CPU.Build.0 = Release|Any CPU
		{9EB19D24-34FE-43AD-AB3A-34E6ACD7E5A5}.Debug|Any CPU.ActiveCfg = Debug|Any CPU
		{9EB19D24-34FE-43AD-AB3A-34E6ACD7E5A5}.Debug|Any CPU.Build.0 = Debug|Any CPU
		{9EB19D24-34FE-43AD-AB3A-34E6ACD7E5A5}.Release|Any CPU.ActiveCfg = Release|Any CPU
		{9EB19D24-34FE-43AD-AB3A-34E6ACD7E5A5}.Release|Any CPU.Build.0 = Release|Any CPU
	EndGlobalSection
	GlobalSection(SolutionProperties) = preSolution
		HideSolutionNode = FALSE
	EndGlobalSection
	GlobalSection(NestedProjects) = preSolution
		{0269971B-E92C-47AA-BF33-BF838B47813E} = {1ECA99E9-667A-40F7-A4E5-4850581A24F8}
		{547503A8-294F-427A-BAC7-57CAC852458A} = {1ECA99E9-667A-40F7-A4E5-4850581A24F8}
		{EAD04562-CF17-40E7-B99A-1EC63672A90D} = {1ECA99E9-667A-40F7-A4E5-4850581A24F8}
		{4C0EAE82-C348-4F18-8E6A-74FE71A9A683} = {9850547B-E05A-4832-9EEB-E2373FBE946D}
		{ABA185A3-4F1B-498A-BB5C-51CB427D7A70} = {9850547B-E05A-4832-9EEB-E2373FBE946D}
		{C9943009-830D-4A12-B72C-AF5A97559481} = {AACA1CBC-D191-40C0-A9E4-1682326992A5}
		{7A8AC70D-02D2-4087-AADD-C2470ACEBD71} = {C358BD18-540B-4AFD-88B1-461C12BC57F9}
		{E46F3128-DCD2-4627-99B1-DCC7780EE2E3} = {B92C62E8-148B-4909-B184-E9FE9FDF47D0}
		{529E0B1A-454E-4DE0-9AFD-3EF26CC55E29} = {C9DDE8AB-017A-49AB-AC8A-BACF897C6EA4}
		{9EB19D24-34FE-43AD-AB3A-34E6ACD7E5A5} = {785FD876-F691-4C8A-989E-EAED94CF98C7}
	EndGlobalSection
	GlobalSection(ExtensibilityGlobals) = postSolution
		SolutionGuid = {D477807E-C3C0-49BF-853D-5B9F1B5B8B44}
	EndGlobalSection
EndGlobal
